
Microsoft Visual Studio Solution File, Format Version 12.00
# Visual Studio Version 17
VisualStudioVersion = 17.5.002.0
MinimumVisualStudioVersion = 10.0.40219.1
Project("{9A19103F-16F7-4668-BE54-9A1E7A4F7556}") = "BasicDemo", "BasicDemo.csproj", "{CFF6FD20-6AA1-465E-8533-1714A8436A30}"
EndProject
Project("{2150E333-8FDC-42A3-9474-1A3956D46DE8}") = "credits", "credits", "{5B4BDBB5-ED4D-42FF-AA74-352EC88ABE79}"
EndProject
Project("{9A19103F-16F7-4668-BE54-9A1E7A4F7556}") = "Repository", "credits\kwld.utils\Repository.csproj", "{32CA5985-FA81-496D-94CE-E6E9D8F25F9B}"
EndProject
Global
	GlobalSection(SolutionConfigurationPlatforms) = preSolution
		Debug|Any CPU = Debug|Any CPU
		Release|Any CPU = Release|Any CPU
	EndGlobalSection
	GlobalSection(ProjectConfigurationPlatforms) = postSolution
		{CFF6FD20-6AA1-465E-8533-1714A8436A30}.Debug|Any CPU.ActiveCfg = Debug|Any CPU
		{CFF6FD20-6AA1-465E-8533-1714A8436A30}.Debug|Any CPU.Build.0 = Debug|Any CPU
		{CFF6FD20-6AA1-465E-8533-1714A8436A30}.Release|Any CPU.ActiveCfg = Release|Any CPU
		{CFF6FD20-6AA1-465E-8533-1714A8436A30}.Release|Any CPU.Build.0 = Release|Any CPU
		{32CA5985-FA81-496D-94CE-E6E9D8F25F9B}.Debug|Any CPU.ActiveCfg = Debug|Any CPU
		{32CA5985-FA81-496D-94CE-E6E9D8F25F9B}.Debug|Any CPU.Build.0 = Debug|Any CPU
		{32CA5985-FA81-496D-94CE-E6E9D8F25F9B}.Release|Any CPU.ActiveCfg = Release|Any CPU
		{32CA5985-FA81-496D-94CE-E6E9D8F25F9B}.Release|Any CPU.Build.0 = Release|Any CPU
	EndGlobalSection
	GlobalSection(SolutionProperties) = preSolution
		HideSolutionNode = FALSE
	EndGlobalSection
	GlobalSection(NestedProjects) = preSolution
		{32CA5985-FA81-496D-94CE-E6E9D8F25F9B} = {5B4BDBB5-ED4D-42FF-AA74-352EC88ABE79}
	EndGlobalSection
	GlobalSection(ExtensibilityGlobals) = postSolution
		SolutionGuid = {6B599922-9706-4471-84A2-5CDC618795DE}
	EndGlobalSection
EndGlobal
